
Microsoft Visual Studio Solution File, Format Version 12.00
# Visual Studio Version 17
VisualStudioVersion = 17.11.35312.102
MinimumVisualStudioVersion = 10.0.40219.1
Project("{FAE04EC0-301F-11D3-BF4B-00C04F79EFBC}") = "RPBDISLAB3", "RPBDISLAB3.csproj", "{91D51E31-A56A-42C4-B44F-C63D261B264C}"
EndProject
Global
	GlobalSection(SolutionConfigurationPlatforms) = preSolution
		Debug|Any CPU = Debug|Any CPU
		Release|Any CPU = Release|Any CPU
	EndGlobalSection
	GlobalSection(ProjectConfigurationPlatforms) = postSolution
		{91D51E31-A56A-42C4-B44F-C63D261B264C}.Debug|Any CPU.ActiveCfg = Debug|Any CPU
		{91D51E31-A56A-42C4-B44F-C63D261B264C}.Debug|Any CPU.Build.0 = Debug|Any CPU
		{91D51E31-A56A-42C4-B44F-C63D261B264C}.Release|Any CPU.ActiveCfg = Release|Any CPU
		{91D51E31-A56A-42C4-B44F-C63D261B264C}.Release|Any CPU.Build.0 = Release|Any CPU
	EndGlobalSection
	GlobalSection(SolutionProperties) = preSolution
		HideSolutionNode = FALSE
	EndGlobalSection
	GlobalSection(ExtensibilityGlobals) = postSolution
		SolutionGuid = {FD01D374-762B-47AA-BA16-9D13CA34E7D6}
	EndGlobalSection
EndGlobal
